
Microsoft Visual Studio Solution File, Format Version 12.00
# Visual Studio Version 17
VisualStudioVersion = 17.13.35825.156
MinimumVisualStudioVersion = 10.0.40219.1
Project("{FAE04EC0-301F-11D3-BF4B-00C04F79EFBC}") = "QuanLyThuVienGUI", "QuanLyThuVienGUI\QuanLyThuVienGUI.csproj", "{553EAE67-E598-48BF-9A58-7FA39A408BA6}"
EndProject
Project("{FAE04EC0-301F-11D3-BF4B-00C04F79EFBC}") = "QuanLyThuVienBUS", "QuanLyThuVienBUS\QuanLyThuVienBUS.csproj", "{ABF1D119-B1B9-48D5-ACDD-945F7F0FBF31}"
EndProject
Project("{FAE04EC0-301F-11D3-BF4B-00C04F79EFBC}") = "QuanLyThuVienDTO", "QuanLyThuVienDTO\QuanLyThuVienDTO.csproj", "{49C32A9A-6542-4C05-854B-6900AD6FEF3A}"
EndProject
Project("{FAE04EC0-301F-11D3-BF4B-00C04F79EFBC}") = "QuanLyThuVienDAO", "QuanLyThuVienDAO\QuanLyThuVienDAO.csproj", "{C815F96E-AD46-4E46-82F0-B0F4212BC98B}"
EndProject
Global
	GlobalSection(SolutionConfigurationPlatforms) = preSolution
		Debug|Any CPU = Debug|Any CPU
		Release|Any CPU = Release|Any CPU
	EndGlobalSection
	GlobalSection(ProjectConfigurationPlatforms) = postSolution
		{553EAE67-E598-48BF-9A58-7FA39A408BA6}.Debug|Any CPU.ActiveCfg = Debug|Any CPU
		{553EAE67-E598-48BF-9A58-7FA39A408BA6}.Debug|Any CPU.Build.0 = Debug|Any CPU
		{553EAE67-E598-48BF-9A58-7FA39A408BA6}.Release|Any CPU.ActiveCfg = Release|Any CPU
		{553EAE67-E598-48BF-9A58-7FA39A408BA6}.Release|Any CPU.Build.0 = Release|Any CPU
		{ABF1D119-B1B9-48D5-ACDD-945F7F0FBF31}.Debug|Any CPU.ActiveCfg = Debug|Any CPU
		{ABF1D119-B1B9-48D5-ACDD-945F7F0FBF31}.Debug|Any CPU.Build.0 = Debug|Any CPU
		{ABF1D119-B1B9-48D5-ACDD-945F7F0FBF31}.Release|Any CPU.ActiveCfg = Release|Any CPU
		{ABF1D119-B1B9-48D5-ACDD-945F7F0FBF31}.Release|Any CPU.Build.0 = Release|Any CPU
		{49C32A9A-6542-4C05-854B-6900AD6FEF3A}.Debug|Any CPU.ActiveCfg = Debug|Any CPU
		{49C32A9A-6542-4C05-854B-6900AD6FEF3A}.Debug|Any CPU.Build.0 = Debug|Any CPU
		{49C32A9A-6542-4C05-854B-6900AD6FEF3A}.Release|Any CPU.ActiveCfg = Release|Any CPU
		{49C32A9A-6542-4C05-854B-6900AD6FEF3A}.Release|Any CPU.Build.0 = Release|Any CPU
		{C815F96E-AD46-4E46-82F0-B0F4212BC98B}.Debug|Any CPU.ActiveCfg = Debug|Any CPU
		{C815F96E-AD46-4E46-82F0-B0F4212BC98B}.Debug|Any CPU.Build.0 = Debug|Any CPU
		{C815F96E-AD46-4E46-82F0-B0F4212BC98B}.Release|Any CPU.ActiveCfg = Release|Any CPU
		{C815F96E-AD46-4E46-82F0-B0F4212BC98B}.Release|Any CPU.Build.0 = Release|Any CPU
	EndGlobalSection
	GlobalSection(SolutionProperties) = preSolution
		HideSolutionNode = FALSE
	EndGlobalSection
	GlobalSection(ExtensibilityGlobals) = postSolution
		SolutionGuid = {D85C39CF-FB49-439B-BA6B-A12B5F671401}
	EndGlobalSection
EndGlobal
